
Microsoft Visual Studio Solution File, Format Version 12.00
# Visual Studio Version 16
VisualStudioVersion = 16.0.29503.13
MinimumVisualStudioVersion = 10.0.40219.1
Project("{FAE04EC0-301F-11D3-BF4B-00C04F79EFBC}") = "BUS_QuanLy", "BUS_QuanLy\BUS_QuanLy.csproj", "{472A52B8-05FC-4F79-A6D1-B43909B45911}"
EndProject
Project("{FAE04EC0-301F-11D3-BF4B-00C04F79EFBC}") = "DTO_QuanLy", "DTO_QuanLy\DTO_QuanLy.csproj", "{39692B7C-5900-496C-A2B5-9FFFCC98D99D}"
EndProject
Project("{FAE04EC0-301F-11D3-BF4B-00C04F79EFBC}") = "DAL_QuanLy", "DAL_QuanLy\DAL_QuanLy.csproj", "{55C04671-B212-42A6-BC41-E541E9CB8E08}"
EndProject
Project("{FAE04EC0-301F-11D3-BF4B-00C04F79EFBC}") = "GUI_QuanLy", "TestGUI_QLTV\GUI_QuanLy.csproj", "{3ED78AEC-CE13-4BBF-8F61-299044B6376B}"
EndProject
Global
	GlobalSection(SolutionConfigurationPlatforms) = preSolution
		Debug|Any CPU = Debug|Any CPU
		Release|Any CPU = Release|Any CPU
	EndGlobalSection
	GlobalSection(ProjectConfigurationPlatforms) = postSolution
		{472A52B8-05FC-4F79-A6D1-B43909B45911}.Debug|Any CPU.ActiveCfg = Debug|Any CPU
		{472A52B8-05FC-4F79-A6D1-B43909B45911}.Debug|Any CPU.Build.0 = Debug|Any CPU
		{472A52B8-05FC-4F79-A6D1-B43909B45911}.Release|Any CPU.ActiveCfg = Release|Any CPU
		{472A52B8-05FC-4F79-A6D1-B43909B45911}.Release|Any CPU.Build.0 = Release|Any CPU
		{39692B7C-5900-496C-A2B5-9FFFCC98D99D}.Debug|Any CPU.ActiveCfg = Debug|Any CPU
		{39692B7C-5900-496C-A2B5-9FFFCC98D99D}.Debug|Any CPU.Build.0 = Debug|Any CPU
		{39692B7C-5900-496C-A2B5-9FFFCC98D99D}.Release|Any CPU.ActiveCfg = Release|Any CPU
		{39692B7C-5900-496C-A2B5-9FFFCC98D99D}.Release|Any CPU.Build.0 = Release|Any CPU
		{55C04671-B212-42A6-BC41-E541E9CB8E08}.Debug|Any CPU.ActiveCfg = Debug|Any CPU
		{55C04671-B212-42A6-BC41-E541E9CB8E08}.Debug|Any CPU.Build.0 = Debug|Any CPU
		{55C04671-B212-42A6-BC41-E541E9CB8E08}.Release|Any CPU.ActiveCfg = Release|Any CPU
		{55C04671-B212-42A6-BC41-E541E9CB8E08}.Release|Any CPU.Build.0 = Release|Any CPU
		{3ED78AEC-CE13-4BBF-8F61-299044B6376B}.Debug|Any CPU.ActiveCfg = Debug|Any CPU
		{3ED78AEC-CE13-4BBF-8F61-299044B6376B}.Debug|Any CPU.Build.0 = Debug|Any CPU
		{3ED78AEC-CE13-4BBF-8F61-299044B6376B}.Release|Any CPU.ActiveCfg = Release|Any CPU
		{3ED78AEC-CE13-4BBF-8F61-299044B6376B}.Release|Any CPU.Build.0 = Release|Any CPU
	EndGlobalSection
	GlobalSection(SolutionProperties) = preSolution
		HideSolutionNode = FALSE
	EndGlobalSection
	GlobalSection(ExtensibilityGlobals) = postSolution
		SolutionGuid = {0FEA3E0F-A2E2-4857-A2C1-A2D99646A11A}
	EndGlobalSection
EndGlobal
